// !$*UTF8*$!
{
	archiveVersion = 1;
	classes = {
	};
	objectVersion = 55;
	objects = {

/* Begin PBXBuildFile section */
		640CD6EA2935FAC90012E87E /* ButtonExemple.swift in Sources */ = {isa = PBXBuildFile; fileRef = 640CD6E92935FAC90012E87E /* ButtonExemple.swift */; };
		6411CABA2934C8970091EADF /* TestProjectApp.swift in Sources */ = {isa = PBXBuildFile; fileRef = 6411CAB92934C8970091EADF /* TestProjectApp.swift */; };
		6411CABE2934C8980091EADF /* Assets.xcassets in Resources */ = {isa = PBXBuildFile; fileRef = 6411CABD2934C8980091EADF /* Assets.xcassets */; };
		6411CAC12934C8980091EADF /* Preview Assets.xcassets in Resources */ = {isa = PBXBuildFile; fileRef = 6411CAC02934C8980091EADF /* Preview Assets.xcassets */; };
		6411CACC2934FC940091EADF /* ProfileHeader.swift in Sources */ = {isa = PBXBuildFile; fileRef = 6411CACB2934FC940091EADF /* ProfileHeader.swift */; };
		6411CACF2934FD040091EADF /* ProfileStats.swift in Sources */ = {isa = PBXBuildFile; fileRef = 6411CACE2934FD040091EADF /* ProfileStats.swift */; };
		6411CAD12934FDCD0091EADF /* LabelStat.swift in Sources */ = {isa = PBXBuildFile; fileRef = 6411CAD02934FDCD0091EADF /* LabelStat.swift */; };
		6411CAD3293501220091EADF /* ProfileView.swift in Sources */ = {isa = PBXBuildFile; fileRef = 6411CAD2293501220091EADF /* ProfileView.swift */; };
		6411CAD5293502C10091EADF /* Profile.swift in Sources */ = {isa = PBXBuildFile; fileRef = 6411CAD4293502C10091EADF /* Profile.swift */; };
		6411CAD729350FDC0091EADF /* LikeButton.swift in Sources */ = {isa = PBXBuildFile; fileRef = 6411CAD629350FDC0091EADF /* LikeButton.swift */; };
		649242E9293600C700EC714E /* BindingChildView.swift in Sources */ = {isa = PBXBuildFile; fileRef = 649242E8293600C700EC714E /* BindingChildView.swift */; };
		649242EB293600D100EC714E /* BindingMotherView.swift in Sources */ = {isa = PBXBuildFile; fileRef = 649242EA293600D100EC714E /* BindingMotherView.swift */; };
		64ABEF312935F43A009291D9 /* Cell.swift in Sources */ = {isa = PBXBuildFile; fileRef = 64ABEF302935F43A009291D9 /* Cell.swift */; };
		64ABEF342935F459009291D9 /* Item.swift in Sources */ = {isa = PBXBuildFile; fileRef = 64ABEF332935F459009291D9 /* Item.swift */; };
		64ABEF362935F500009291D9 /* List.swift in Sources */ = {isa = PBXBuildFile; fileRef = 64ABEF352935F500009291D9 /* List.swift */; };
		64F79989293611730091AF9E /* ExempleUtilisationBinding.swift in Sources */ = {isa = PBXBuildFile; fileRef = 64F79988293611730091AF9E /* ExempleUtilisationBinding.swift */; };
		64F7998C293614F50091AF9E /* ListExemple.swift in Sources */ = {isa = PBXBuildFile; fileRef = 64F7998B293614F50091AF9E /* ListExemple.swift */; };
		64F7998E293618700091AF9E /* ListExemple2.swift in Sources */ = {isa = PBXBuildFile; fileRef = 64F7998D293618700091AF9E /* ListExemple2.swift */; };
/* End PBXBuildFile section */

/* Begin PBXFileReference section */
		640CD6E92935FAC90012E87E /* ButtonExemple.swift */ = {isa = PBXFileReference; lastKnownFileType = sourcecode.swift; path = ButtonExemple.swift; sourceTree = "<group>"; };
		6411CAB62934C8970091EADF /* TestProject.app */ = {isa = PBXFileReference; explicitFileType = wrapper.application; includeInIndex = 0; path = TestProject.app; sourceTree = BUILT_PRODUCTS_DIR; };
		6411CAB92934C8970091EADF /* TestProjectApp.swift */ = {isa = PBXFileReference; lastKnownFileType = sourcecode.swift; path = TestProjectApp.swift; sourceTree = "<group>"; };
		6411CABD2934C8980091EADF /* Assets.xcassets */ = {isa = PBXFileReference; lastKnownFileType = folder.assetcatalog; path = Assets.xcassets; sourceTree = "<group>"; };
		6411CAC02934C8980091EADF /* Preview Assets.xcassets */ = {isa = PBXFileReference; lastKnownFileType = folder.assetcatalog; path = "Preview Assets.xcassets"; sourceTree = "<group>"; };
		6411CACB2934FC940091EADF /* ProfileHeader.swift */ = {isa = PBXFileReference; lastKnownFileType = sourcecode.swift; path = ProfileHeader.swift; sourceTree = "<group>"; };
		6411CACE2934FD040091EADF /* ProfileStats.swift */ = {isa = PBXFileReference; lastKnownFileType = sourcecode.swift; path = ProfileStats.swift; sourceTree = "<group>"; };
		6411CAD02934FDCD0091EADF /* LabelStat.swift */ = {isa = PBXFileReference; lastKnownFileType = sourcecode.swift; path = LabelStat.swift; sourceTree = "<group>"; };
		6411CAD2293501220091EADF /* ProfileView.swift */ = {isa = PBXFileReference; lastKnownFileType = sourcecode.swift; path = ProfileView.swift; sourceTree = "<group>"; };
		6411CAD4293502C10091EADF /* Profile.swift */ = {isa = PBXFileReference; lastKnownFileType = sourcecode.swift; path = Profile.swift; sourceTree = "<group>"; };
		6411CAD629350FDC0091EADF /* LikeButton.swift */ = {isa = PBXFileReference; lastKnownFileType = sourcecode.swift; path = LikeButton.swift; sourceTree = "<group>"; };
		649242E8293600C700EC714E /* BindingChildView.swift */ = {isa = PBXFileReference; lastKnownFileType = sourcecode.swift; path = BindingChildView.swift; sourceTree = "<group>"; };
		649242EA293600D100EC714E /* BindingMotherView.swift */ = {isa = PBXFileReference; lastKnownFileType = sourcecode.swift; path = BindingMotherView.swift; sourceTree = "<group>"; };
		64ABEF302935F43A009291D9 /* Cell.swift */ = {isa = PBXFileReference; lastKnownFileType = sourcecode.swift; path = Cell.swift; sourceTree = "<group>"; };
		64ABEF332935F459009291D9 /* Item.swift */ = {isa = PBXFileReference; lastKnownFileType = sourcecode.swift; path = Item.swift; sourceTree = "<group>"; };
		64ABEF352935F500009291D9 /* List.swift */ = {isa = PBXFileReference; lastKnownFileType = sourcecode.swift; path = List.swift; sourceTree = "<group>"; };
		64F79988293611730091AF9E /* ExempleUtilisationBinding.swift */ = {isa = PBXFileReference; lastKnownFileType = sourcecode.swift; path = ExempleUtilisationBinding.swift; sourceTree = "<group>"; };
		64F7998B293614F50091AF9E /* ListExemple.swift */ = {isa = PBXFileReference; lastKnownFileType = sourcecode.swift; path = ListExemple.swift; sourceTree = "<group>"; };
		64F7998D293618700091AF9E /* ListExemple2.swift */ = {isa = PBXFileReference; lastKnownFileType = sourcecode.swift; path = ListExemple2.swift; sourceTree = "<group>"; };
/* End PBXFileReference section */

/* Begin PBXFrameworksBuildPhase section */
		6411CAB32934C8970091EADF /* Frameworks */ = {
			isa = PBXFrameworksBuildPhase;
			buildActionMask = 2147483647;
			files = (
			);
			runOnlyForDeploymentPostprocessing = 0;
		};
/* End PBXFrameworksBuildPhase section */

/* Begin PBXGroup section */
		640CD6E52935FA730012E87E /* MainApp */ = {
			isa = PBXGroup;
			children = (
				6411CAB92934C8970091EADF /* TestProjectApp.swift */,
			);
			path = MainApp;
			sourceTree = "<group>";
		};
		640CD6E62935FA900012E87E /* Exemple */ = {
			isa = PBXGroup;
			children = (
				640CD6E82935FAB30012E87E /* State */,
				649242E72936009100EC714E /* Binding */,
				64F799872936115D0091AF9E /* Utilisations_Binding */,
				64F7998A293614E20091AF9E /* Lists+ForEach */,
			);
			path = Exemple;
			sourceTree = "<group>";
		};
		640CD6E82935FAB30012E87E /* State */ = {
			isa = PBXGroup;
			children = (
				640CD6E92935FAC90012E87E /* ButtonExemple.swift */,
			);
			path = State;
			sourceTree = "<group>";
		};
		6411CAAD2934C8970091EADF = {
			isa = PBXGroup;
			children = (
				6411CAB82934C8970091EADF /* TestProject */,
				6411CAB72934C8970091EADF /* Products */,
			);
			sourceTree = "<group>";
		};
		6411CAB72934C8970091EADF /* Products */ = {
			isa = PBXGroup;
			children = (
				6411CAB62934C8970091EADF /* TestProject.app */,
			);
			name = Products;
			sourceTree = "<group>";
		};
		6411CAB82934C8970091EADF /* TestProject */ = {
			isa = PBXGroup;
			children = (
				640CD6E52935FA730012E87E /* MainApp */,
				640CD6E62935FA900012E87E /* Exemple */,
				6411CACD2934FCC40091EADF /* Insta Exemple */,
				6411CABD2934C8980091EADF /* Assets.xcassets */,
				6411CABF2934C8980091EADF /* Preview Content */,
			);
			path = TestProject;
			sourceTree = "<group>";
		};
		6411CABF2934C8980091EADF /* Preview Content */ = {
			isa = PBXGroup;
			children = (
				6411CAC02934C8980091EADF /* Preview Assets.xcassets */,
			);
			path = "Preview Content";
			sourceTree = "<group>";
		};
		6411CACD2934FCC40091EADF /* Insta Exemple */ = {
			isa = PBXGroup;
			children = (
				6411CAD4293502C10091EADF /* Profile.swift */,
				6411CACB2934FC940091EADF /* ProfileHeader.swift */,
				6411CACE2934FD040091EADF /* ProfileStats.swift */,
				6411CAD02934FDCD0091EADF /* LabelStat.swift */,
				6411CAD2293501220091EADF /* ProfileView.swift */,
				6411CAD629350FDC0091EADF /* LikeButton.swift */,
				64ABEF322935F44C009291D9 /* TestApp */,
			);
			path = "Insta Exemple";
			sourceTree = "<group>";
		};
		649242E72936009100EC714E /* Binding */ = {
			isa = PBXGroup;
			children = (
				649242EA293600D100EC714E /* BindingMotherView.swift */,
				649242E8293600C700EC714E /* BindingChildView.swift */,
			);
			path = Binding;
			sourceTree = "<group>";
		};
		64ABEF322935F44C009291D9 /* TestApp */ = {
			isa = PBXGroup;
			children = (
				64ABEF302935F43A009291D9 /* Cell.swift */,
				64ABEF332935F459009291D9 /* Item.swift */,
				64ABEF352935F500009291D9 /* List.swift */,
			);
			path = TestApp;
			sourceTree = "<group>";
		};
		64F799872936115D0091AF9E /* Utilisations_Binding */ = {
			isa = PBXGroup;
			children = (
				64F79988293611730091AF9E /* ExempleUtilisationBinding.swift */,
			);
			path = Utilisations_Binding;
			sourceTree = "<group>";
		};
		64F7998A293614E20091AF9E /* Lists+ForEach */ = {
			isa = PBXGroup;
			children = (
				64F7998B293614F50091AF9E /* ListExemple.swift */,
				64F7998D293618700091AF9E /* ListExemple2.swift */,
			);
			path = "Lists+ForEach";
			sourceTree = "<group>";
		};
/* End PBXGroup section */

/* Begin PBXNativeTarget section */
		6411CAB52934C8970091EADF /* TestProject */ = {
			isa = PBXNativeTarget;
			buildConfigurationList = 6411CAC42934C8980091EADF /* Build configuration list for PBXNativeTarget "TestProject" */;
			buildPhases = (
				6411CAB22934C8970091EADF /* Sources */,
				6411CAB32934C8970091EADF /* Frameworks */,
				6411CAB42934C8970091EADF /* Resources */,
			);
			buildRules = (
			);
			dependencies = (
			);
			name = TestProject;
			productName = TestProject;
			productReference = 6411CAB62934C8970091EADF /* TestProject.app */;
			productType = "com.apple.product-type.application";
		};
/* End PBXNativeTarget section */

/* Begin PBXProject section */
		6411CAAE2934C8970091EADF /* Project object */ = {
			isa = PBXProject;
			attributes = {
				BuildIndependentTargetsInParallel = 1;
				LastSwiftUpdateCheck = 1410;
				LastUpgradeCheck = 1410;
				TargetAttributes = {
					6411CAB52934C8970091EADF = {
						CreatedOnToolsVersion = 14.1;
					};
				};
			};
			buildConfigurationList = 6411CAB12934C8970091EADF /* Build configuration list for PBXProject "TestProject" */;
			compatibilityVersion = "Xcode 13.0";
			developmentRegion = en;
			hasScannedForEncodings = 0;
			knownRegions = (
				en,
				Base,
			);
			mainGroup = 6411CAAD2934C8970091EADF;
			productRefGroup = 6411CAB72934C8970091EADF /* Products */;
			projectDirPath = "";
			projectRoot = "";
			targets = (
				6411CAB52934C8970091EADF /* TestProject */,
			);
		};
/* End PBXProject section */

/* Begin PBXResourcesBuildPhase section */
		6411CAB42934C8970091EADF /* Resources */ = {
			isa = PBXResourcesBuildPhase;
			buildActionMask = 2147483647;
			files = (
				6411CAC12934C8980091EADF /* Preview Assets.xcassets in Resources */,
				6411CABE2934C8980091EADF /* Assets.xcassets in Resources */,
			);
			runOnlyForDeploymentPostprocessing = 0;
		};
/* End PBXResourcesBuildPhase section */

/* Begin PBXSourcesBuildPhase section */
		6411CAB22934C8970091EADF /* Sources */ = {
			isa = PBXSourcesBuildPhase;
			buildActionMask = 2147483647;
			files = (
				64F79989293611730091AF9E /* ExempleUtilisationBinding.swift in Sources */,
				6411CAD3293501220091EADF /* ProfileView.swift in Sources */,
				6411CAD12934FDCD0091EADF /* LabelStat.swift in Sources */,
				64F7998C293614F50091AF9E /* ListExemple.swift in Sources */,
				640CD6EA2935FAC90012E87E /* ButtonExemple.swift in Sources */,
				64ABEF362935F500009291D9 /* List.swift in Sources */,
				64ABEF342935F459009291D9 /* Item.swift in Sources */,
				6411CABA2934C8970091EADF /* TestProjectApp.swift in Sources */,
				6411CACC2934FC940091EADF /* ProfileHeader.swift in Sources */,
				6411CAD5293502C10091EADF /* Profile.swift in Sources */,
				64ABEF312935F43A009291D9 /* Cell.swift in Sources */,
				64F7998E293618700091AF9E /* ListExemple2.swift in Sources */,
				649242E9293600C700EC714E /* BindingChildView.swift in Sources */,
				649242EB293600D100EC714E /* BindingMotherView.swift in Sources */,
				6411CAD729350FDC0091EADF /* LikeButton.swift in Sources */,
				6411CACF2934FD040091EADF /* ProfileStats.swift in Sources */,
			);
			runOnlyForDeploymentPostprocessing = 0;
		};
/* End PBXSourcesBuildPhase section */

/* Begin XCBuildConfiguration section */
		6411CAC22934C8980091EADF /* Debug */ = {
			isa = XCBuildConfiguration;
			buildSettings = {
				ALWAYS_SEARCH_USER_PATHS = NO;
				CLANG_ANALYZER_NONNULL = YES;
				CLANG_ANALYZER_NUMBER_OBJECT_CONVERSION = YES_AGGRESSIVE;
				CLANG_CXX_LANGUAGE_STANDARD = "gnu++20";
				CLANG_ENABLE_MODULES = YES;
				CLANG_ENABLE_OBJC_ARC = YES;
				CLANG_ENABLE_OBJC_WEAK = YES;
				CLANG_WARN_BLOCK_CAPTURE_AUTORELEASING = YES;
				CLANG_WARN_BOOL_CONVERSION = YES;
				CLANG_WARN_COMMA = YES;
				CLANG_WARN_CONSTANT_CONVERSION = YES;
				CLANG_WARN_DEPRECATED_OBJC_IMPLEMENTATIONS = YES;
				CLANG_WARN_DIRECT_OBJC_ISA_USAGE = YES_ERROR;
				CLANG_WARN_DOCUMENTATION_COMMENTS = YES;
				CLANG_WARN_EMPTY_BODY = YES;
				CLANG_WARN_ENUM_CONVERSION = YES;
				CLANG_WARN_INFINITE_RECURSION = YES;
				CLANG_WARN_INT_CONVERSION = YES;
				CLANG_WARN_NON_LITERAL_NULL_CONVERSION = YES;
				CLANG_WARN_OBJC_IMPLICIT_RETAIN_SELF = YES;
				CLANG_WARN_OBJC_LITERAL_CONVERSION = YES;
				CLANG_WARN_OBJC_ROOT_CLASS = YES_ERROR;
				CLANG_WARN_QUOTED_INCLUDE_IN_FRAMEWORK_HEADER = YES;
				CLANG_WARN_RANGE_LOOP_ANALYSIS = YES;
				CLANG_WARN_STRICT_PROTOTYPES = YES;
				CLANG_WARN_SUSPICIOUS_MOVE = YES;
				CLANG_WARN_UNGUARDED_AVAILABILITY = YES_AGGRESSIVE;
				CLANG_WARN_UNREACHABLE_CODE = YES;
				CLANG_WARN__DUPLICATE_METHOD_MATCH = YES;
				COPY_PHASE_STRIP = NO;
				DEBUG_INFORMATION_FORMAT = dwarf;
				ENABLE_STRICT_OBJC_MSGSEND = YES;
				ENABLE_TESTABILITY = YES;
				GCC_C_LANGUAGE_STANDARD = gnu11;
				GCC_DYNAMIC_NO_PIC = NO;
				GCC_NO_COMMON_BLOCKS = YES;
				GCC_OPTIMIZATION_LEVEL = 0;
				GCC_PREPROCESSOR_DEFINITIONS = (
					"DEBUG=1",
					"$(inherited)",
				);
				GCC_WARN_64_TO_32_BIT_CONVERSION = YES;
				GCC_WARN_ABOUT_RETURN_TYPE = YES_ERROR;
				GCC_WARN_UNDECLARED_SELECTOR = YES;
				GCC_WARN_UNINITIALIZED_AUTOS = YES_AGGRESSIVE;
				GCC_WARN_UNUSED_FUNCTION = YES;
				GCC_WARN_UNUSED_VARIABLE = YES;
				IPHONEOS_DEPLOYMENT_TARGET = 16.1;
				MTL_ENABLE_DEBUG_INFO = INCLUDE_SOURCE;
				MTL_FAST_MATH = YES;
				ONLY_ACTIVE_ARCH = YES;
				SDKROOT = iphoneos;
				SWIFT_ACTIVE_COMPILATION_CONDITIONS = DEBUG;
				SWIFT_OPTIMIZATION_LEVEL = "-Onone";
			};
			name = Debug;
		};
		6411CAC32934C8980091EADF /* Release */ = {
			isa = XCBuildConfiguration;
			buildSettings = {
				ALWAYS_SEARCH_USER_PATHS = NO;
				CLANG_ANALYZER_NONNULL = YES;
				CLANG_ANALYZER_NUMBER_OBJECT_CONVERSION = YES_AGGRESSIVE;
				CLANG_CXX_LANGUAGE_STANDARD = "gnu++20";
				CLANG_ENABLE_MODULES = YES;
				CLANG_ENABLE_OBJC_ARC = YES;
				CLANG_ENABLE_OBJC_WEAK = YES;
				CLANG_WARN_BLOCK_CAPTURE_AUTORELEASING = YES;
				CLANG_WARN_BOOL_CONVERSION = YES;
				CLANG_WARN_COMMA = YES;
				CLANG_WARN_CONSTANT_CONVERSION = YES;
				CLANG_WARN_DEPRECATED_OBJC_IMPLEMENTATIONS = YES;
				CLANG_WARN_DIRECT_OBJC_ISA_USAGE = YES_ERROR;
				CLANG_WARN_DOCUMENTATION_COMMENTS = YES;
				CLANG_WARN_EMPTY_BODY = YES;
				CLANG_WARN_ENUM_CONVERSION = YES;
				CLANG_WARN_INFINITE_RECURSION = YES;
				CLANG_WARN_INT_CONVERSION = YES;
				CLANG_WARN_NON_LITERAL_NULL_CONVERSION = YES;
				CLANG_WARN_OBJC_IMPLICIT_RETAIN_SELF = YES;
				CLANG_WARN_OBJC_LITERAL_CONVERSION = YES;
				CLANG_WARN_OBJC_ROOT_CLASS = YES_ERROR;
				CLANG_WARN_QUOTED_INCLUDE_IN_FRAMEWORK_HEADER = YES;
				CLANG_WARN_RANGE_LOOP_ANALYSIS = YES;
				CLANG_WARN_STRICT_PROTOTYPES = YES;
				CLANG_WARN_SUSPICIOUS_MOVE = YES;
				CLANG_WARN_UNGUARDED_AVAILABILITY = YES_AGGRESSIVE;
				CLANG_WARN_UNREACHABLE_CODE = YES;
				CLANG_WARN__DUPLICATE_METHOD_MATCH = YES;
				COPY_PHASE_STRIP = NO;
				DEBUG_INFORMATION_FORMAT = "dwarf-with-dsym";
				ENABLE_NS_ASSERTIONS = NO;
				ENABLE_STRICT_OBJC_MSGSEND = YES;
				GCC_C_LANGUAGE_STANDARD = gnu11;
				GCC_NO_COMMON_BLOCKS = YES;
				GCC_WARN_64_TO_32_BIT_CONVERSION = YES;
				GCC_WARN_ABOUT_RETURN_TYPE = YES_ERROR;
				GCC_WARN_UNDECLARED_SELECTOR = YES;
				GCC_WARN_UNINITIALIZED_AUTOS = YES_AGGRESSIVE;
				GCC_WARN_UNUSED_FUNCTION = YES;
				GCC_WARN_UNUSED_VARIABLE = YES;
				IPHONEOS_DEPLOYMENT_TARGET = 16.1;
				MTL_ENABLE_DEBUG_INFO = NO;
				MTL_FAST_MATH = YES;
				SDKROOT = iphoneos;
				SWIFT_COMPILATION_MODE = wholemodule;
				SWIFT_OPTIMIZATION_LEVEL = "-O";
				VALIDATE_PRODUCT = YES;
			};
			name = Release;
		};
		6411CAC52934C8980091EADF /* Debug */ = {
			isa = XCBuildConfiguration;
			buildSettings = {
				ASSETCATALOG_COMPILER_APPICON_NAME = AppIcon;
				ASSETCATALOG_COMPILER_GLOBAL_ACCENT_COLOR_NAME = AccentColor;
				CODE_SIGN_STYLE = Automatic;
				CURRENT_PROJECT_VERSION = 1;
				DEVELOPMENT_ASSET_PATHS = "\"TestProject/Preview Content\"";
				ENABLE_PREVIEWS = YES;
				GENERATE_INFOPLIST_FILE = YES;
				INFOPLIST_KEY_UIApplicationSceneManifest_Generation = YES;
				INFOPLIST_KEY_UIApplicationSupportsIndirectInputEvents = YES;
				INFOPLIST_KEY_UILaunchScreen_Generation = YES;
				INFOPLIST_KEY_UISupportedInterfaceOrientations_iPad = "UIInterfaceOrientationPortrait UIInterfaceOrientationPortraitUpsideDown UIInterfaceOrientationLandscapeLeft UIInterfaceOrientationLandscapeRight";
				INFOPLIST_KEY_UISupportedInterfaceOrientations_iPhone = "UIInterfaceOrientationPortrait UIInterfaceOrientationLandscapeLeft UIInterfaceOrientationLandscapeRight";
				IPHONEOS_DEPLOYMENT_TARGET = 15.0;
				LD_RUNPATH_SEARCH_PATHS = (
					"$(inherited)",
					"@executable_path/Frameworks",
				);
				MARKETING_VERSION = 1.0;
				PRODUCT_BUNDLE_IDENTIFIER = com.quentin.TestProject;
				PRODUCT_NAME = "$(TARGET_NAME)";
				SUPPORTED_PLATFORMS = "iphoneos iphonesimulator";
				SUPPORTS_MACCATALYST = NO;
				SUPPORTS_MAC_DESIGNED_FOR_IPHONE_IPAD = NO;
				SWIFT_EMIT_LOC_STRINGS = YES;
				SWIFT_VERSION = 5.0;
				TARGETED_DEVICE_FAMILY = 1;
			};
			name = Debug;
		};
		6411CAC62934C8980091EADF /* Release */ = {
			isa = XCBuildConfiguration;
			buildSettings = {
				ASSETCATALOG_COMPILER_APPICON_NAME = AppIcon;
				ASSETCATALOG_COMPILER_GLOBAL_ACCENT_COLOR_NAME = AccentColor;
				CODE_SIGN_STYLE = Automatic;
				CURRENT_PROJECT_VERSION = 1;
				DEVELOPMENT_ASSET_PATHS = "\"TestProject/Preview Content\"";
				ENABLE_PREVIEWS = YES;
				GENERATE_INFOPLIST_FILE = YES;
				INFOPLIST_KEY_UIApplicationSceneManifest_Generation = YES;
				INFOPLIST_KEY_UIApplicationSupportsIndirectInputEvents = YES;
				INFOPLIST_KEY_UILaunchScreen_Generation = YES;
				INFOPLIST_KEY_UISupportedInterfaceOrientations_iPad = "UIInterfaceOrientationPortrait UIInterfaceOrientationPortraitUpsideDown UIInterfaceOrientationLandscapeLeft UIInterfaceOrientationLandscapeRight";
				INFOPLIST_KEY_UISupportedInterfaceOrientations_iPhone = "UIInterfaceOrientationPortrait UIInterfaceOrientationLandscapeLeft UIInterfaceOrientationLandscapeRight";
				IPHONEOS_DEPLOYMENT_TARGET = 15.0;
				LD_RUNPATH_SEARCH_PATHS = (
					"$(inherited)",
					"@executable_path/Frameworks",
				);
				MARKETING_VERSION = 1.0;
				PRODUCT_BUNDLE_IDENTIFIER = com.quentin.TestProject;
				PRODUCT_NAME = "$(TARGET_NAME)";
				SUPPORTED_PLATFORMS = "iphoneos iphonesimulator";
				SUPPORTS_MACCATALYST = NO;
				SUPPORTS_MAC_DESIGNED_FOR_IPHONE_IPAD = NO;
				SWIFT_EMIT_LOC_STRINGS = YES;
				SWIFT_VERSION = 5.0;
				TARGETED_DEVICE_FAMILY = 1;
			};
			name = Release;
		};
/* End XCBuildConfiguration section */

/* Begin XCConfigurationList section */
		6411CAB12934C8970091EADF /* Build configuration list for PBXProject "TestProject" */ = {
			isa = XCConfigurationList;
			buildConfigurations = (
				6411CAC22934C8980091EADF /* Debug */,
				6411CAC32934C8980091EADF /* Release */,
			);
			defaultConfigurationIsVisible = 0;
			defaultConfigurationName = Release;
		};
		6411CAC42934C8980091EADF /* Build configuration list for PBXNativeTarget "TestProject" */ = {
			isa = XCConfigurationList;
			buildConfigurations = (
				6411CAC52934C8980091EADF /* Debug */,
				6411CAC62934C8980091EADF /* Release */,
			);
			defaultConfigurationIsVisible = 0;
			defaultConfigurationName = Release;
		};
/* End XCConfigurationList section */
	};
	rootObject = 6411CAAE2934C8970091EADF /* Project object */;
}
